
Microsoft Visual Studio Solution File, Format Version 12.00
# Visual Studio Version 16
VisualStudioVersion = 16.0.30413.136
MinimumVisualStudioVersion = 10.0.40219.1
Project("{FAE04EC0-301F-11D3-BF4B-00C04F79EFBC}") = "InventoryManager.Winforms", "InventoryManager.Winforms\InventoryManager.Winforms.csproj", "{72FC5228-BCE9-4677-A622-B107CEE2B829}"
EndProject
Project("{FAE04EC0-301F-11D3-BF4B-00C04F79EFBC}") = "InventoryManager.Data", "InventoryManager.Data\InventoryManager.Data.csproj", "{C8BD83E8-823C-415F-9E07-C838058A0643}"
EndProject
Global
	GlobalSection(SolutionConfigurationPlatforms) = preSolution
		Debug|Any CPU = Debug|Any CPU
		Release|Any CPU = Release|Any CPU
	EndGlobalSection
	GlobalSection(ProjectConfigurationPlatforms) = postSolution
		{72FC5228-BCE9-4677-A622-B107CEE2B829}.Debug|Any CPU.ActiveCfg = Debug|Any CPU
		{72FC5228-BCE9-4677-A622-B107CEE2B829}.Debug|Any CPU.Build.0 = Debug|Any CPU
		{72FC5228-BCE9-4677-A622-B107CEE2B829}.Release|Any CPU.ActiveCfg = Release|Any CPU
		{72FC5228-BCE9-4677-A622-B107CEE2B829}.Release|Any CPU.Build.0 = Release|Any CPU
		{C8BD83E8-823C-415F-9E07-C838058A0643}.Debug|Any CPU.ActiveCfg = Debug|Any CPU
		{C8BD83E8-823C-415F-9E07-C838058A0643}.Debug|Any CPU.Build.0 = Debug|Any CPU
		{C8BD83E8-823C-415F-9E07-C838058A0643}.Release|Any CPU.ActiveCfg = Release|Any CPU
		{C8BD83E8-823C-415F-9E07-C838058A0643}.Release|Any CPU.Build.0 = Release|Any CPU
	EndGlobalSection
	GlobalSection(SolutionProperties) = preSolution
		HideSolutionNode = FALSE
	EndGlobalSection
	GlobalSection(ExtensibilityGlobals) = postSolution
		SolutionGuid = {AC20A864-FA82-4A8E-8C73-46AB68D61E1A}
	EndGlobalSection
EndGlobal
